<Solution>
  <Folder Name="/benchmarks/" />
  <Folder Name="/docker/">
    <File Path="docker/docker-compose.yml" />
    <File Path="docker/otel-collector-config.yml" />
    <File Path="docker/prometheus.yml" />
  </Folder>
  <Folder Name="/src/" />
  <Folder Name="/src/API/">
    <Project Path="src/API/TechShop.ECommerce.Api/TechShop.ECommerce.Api.csproj" />
  </Folder>
  <Folder Name="/src/Core/">
    <Project Path="src/Core/TechShop.ECommerce.Application.BackgroundJobs/TechShop.ECommerce.Application.BackgroundJobs.csproj" Id="5b75e196-3374-4ea8-a54f-9882e4b68784" />
    <Project Path="src/Core/TechShop.ECommerce.Application/TechShop.ECommerce.Application.csproj" />
    <Project Path="src/Core/TechShop.ECommerce.Domain/TechShop.ECommerce.Domain.csproj" />
  </Folder>
  <Folder Name="/src/Infrastructure/">
    <Project Path="src/Infrastructure/TechShop.ECommerce.Identity/TechShop.ECommerce.Identity.csproj" />
    <Project Path="src/Infrastructure/TechShop.ECommerce.Infrastructure/TechShop.ECommerce.Infrastructure.csproj" />
    <Project Path="src/Infrastructure/TechShop.ECommerce.Persistence/TechShop.ECommerce.Persistence.csproj" />
  </Folder>
  <Folder Name="/src/Workers/">
    <Project Path="src/Workers/TechShop.ECommerce.BackgroundWorker/TechShop.ECommerce.BackgroundWorker.csproj" />
  </Folder>
  <Folder Name="/test/">
    <Project Path="test/TechShop.ECommerce.Application.UnitTests/TechShop.ECommerce.Application.UnitTests.csproj" Id="b240a741-ebf4-4fff-8539-8e3bceca2559" />
    <Project Path="test/TechShop.ECommerce.Persistence.IntegrationTests/TechShop.ECommerce.Persistence.IntegrationTests.csproj" Id="a3a493cb-a056-43d8-b2f9-11ab41444ad3" />
  </Folder>
</Solution>
