<Solution>
  <Folder Name="/src/">
    <Project Path="src/TechShop.ECommerce.Api/TechShop.ECommerce.Api.csproj" />
    <Project Path="src/TechShop.ECommerce.Application/TechShop.ECommerce.Application.csproj" />
    <Project Path="src/TechShop.ECommerce.Domain/TechShop.ECommerce.Domain.csproj" />
    <Project Path="src/TechShop.ECommerce.Infrastructure/TechShop.ECommerce.Infrastructure.csproj" Id="49899ad4-ab07-40d0-a96d-267423ed22db" />
    <Project Path="src/TechShop.ECommerce.Persistence/TechShop.ECommerce.Persistence.csproj" />
  </Folder>
  <Folder Name="/test/">
    <Project Path="test/TechShop.ECommerce.Application.UnitTests/TechShop.ECommerce.Application.UnitTests.csproj" Id="b240a741-ebf4-4fff-8539-8e3bceca2559" />
    <Project Path="test/TechShop.ECommerce.Persistence.IntegrationTests/TechShop.ECommerce.Persistence.IntegrationTests.csproj" Id="a3a493cb-a056-43d8-b2f9-11ab41444ad3" />
  </Folder>
</Solution>
